
Microsoft Visual Studio Solution File, Format Version 12.00
# Visual Studio Version 17
VisualStudioVersion = 17.5.002.0
MinimumVisualStudioVersion = 10.0.40219.1
Project("{2150E333-8FDC-42A3-9474-1A3956D46DE8}") = "Files", "Files", "{179673D7-B974-46E8-8E59-5E53F1FF47EA}"
EndProject
Project("{9A19103F-16F7-4668-BE54-9A1E7A4F7556}") = "CreateFiles", "Files\CreateFiles\CreateFiles.csproj", "{8C7475EB-0537-4FD4-A48F-37D02088D7A6}"
EndProject
Project("{9A19103F-16F7-4668-BE54-9A1E7A4F7556}") = "Directories", "Files\Directories\Directories.csproj", "{1D9EF8D3-6FE5-40A1-87FD-4E1911C3F536}"
EndProject
Project("{9A19103F-16F7-4668-BE54-9A1E7A4F7556}") = "FileInfo", "Files\FileInfo\FileInfo.csproj", "{5B021600-95A8-477A-97DC-95C169925A1E}"
EndProject
Project("{9A19103F-16F7-4668-BE54-9A1E7A4F7556}") = "ReadWriteFiles", "Files\ReadWriteFiles\ReadWriteFiles.csproj", "{3FD8C52E-E4A8-4684-8D8F-33450808B447}"
EndProject
Project("{2150E333-8FDC-42A3-9474-1A3956D46DE8}") = "NumbersDates", "NumbersDates", "{3E2972B6-F11D-4A62-81F8-E5902FB6CB2D}"
EndProject
Project("{9A19103F-16F7-4668-BE54-9A1E7A4F7556}") = "DateTimeClass", "NumbersDates\DateTimeClass\DateTimeClass.csproj", "{C76B4FA3-0F78-4833-B6F6-63547617CC7B}"
EndProject
Project("{9A19103F-16F7-4668-BE54-9A1E7A4F7556}") = "FormatDates", "NumbersDates\FormatDates\FormatDates.csproj", "{9D3BE221-1CE5-4645-AE20-93888728CF36}"
EndProject
Project("{9A19103F-16F7-4668-BE54-9A1E7A4F7556}") = "FormatNumbers", "NumbersDates\FormatNumbers\FormatNumbers.csproj", "{64716B15-62CD-44C6-8792-374420C597DE}"
EndProject
Project("{9A19103F-16F7-4668-BE54-9A1E7A4F7556}") = "ParseDates", "NumbersDates\ParseDates\ParseDates.csproj", "{D5E43143-6BE5-4F9C-B60B-0B2F5FD6F128}"
EndProject
Project("{9A19103F-16F7-4668-BE54-9A1E7A4F7556}") = "ParseNumbers", "NumbersDates\ParseNumbers\ParseNumbers.csproj", "{C95B4835-E543-4E87-A347-AA0B98001306}"
EndProject
Project("{2150E333-8FDC-42A3-9474-1A3956D46DE8}") = "Overview", "Overview", "{7B4E41A0-3DD1-43EE-AE29-8700DA32FC41}"
EndProject
Project("{9A19103F-16F7-4668-BE54-9A1E7A4F7556}") = "DataTypes", "Overview\DataTypes\DataTypes.csproj", "{DA746DA3-64DA-4825-BB9F-E89F29FB8882}"
EndProject
Project("{9A19103F-16F7-4668-BE54-9A1E7A4F7556}") = "GarbageCollect", "Overview\GarbageCollect\GarbageCollect.csproj", "{6445C724-4644-4ED5-9CDD-5EC1081F3D2F}"
EndProject
Project("{9A19103F-16F7-4668-BE54-9A1E7A4F7556}") = "MyConsoleApp", "Overview\MyConsoleApp\MyConsoleApp.csproj", "{B6FCA9FA-B22F-41AF-A92A-1135FE7DAAE8}"
EndProject
Project("{2150E333-8FDC-42A3-9474-1A3956D46DE8}") = "Regex", "Regex", "{ED3FEC8C-1CA5-4D57-8A2D-584B98DD90FC}"
EndProject
Project("{9A19103F-16F7-4668-BE54-9A1E7A4F7556}") = "Finding", "Regex\Finding\Finding.csproj", "{3DF98DE9-B0A1-4E70-B835-8331836DD474}"
EndProject
Project("{9A19103F-16F7-4668-BE54-9A1E7A4F7556}") = "Replacing", "Regex\Replacing\Replacing.csproj", "{BCFCA1A0-31DD-40BB-BC58-1472007A3630}"
EndProject
Project("{9A19103F-16F7-4668-BE54-9A1E7A4F7556}") = "RegexTimeouts", "Regex\Timeouts\RegexTimeouts.csproj", "{C23673EB-4235-4428-90A2-E701AF5B3FFF}"
EndProject
Project("{2150E333-8FDC-42A3-9474-1A3956D46DE8}") = "Strings", "Strings", "{D6C9E74D-F527-45E1-BB28-0D9DA34A4043}"
EndProject
Project("{9A19103F-16F7-4668-BE54-9A1E7A4F7556}") = "Formatting", "Strings\Formatting\Formatting.csproj", "{9972F246-8690-4E4B-AD9E-D9E130EA8DD6}"
EndProject
Project("{9A19103F-16F7-4668-BE54-9A1E7A4F7556}") = "Interpolation", "Strings\Interpolation\Interpolation.csproj", "{CF92233F-5724-477C-96E8-2E30BC34FEEE}"
EndProject
Project("{9A19103F-16F7-4668-BE54-9A1E7A4F7556}") = "Manipulation", "Strings\Manipulation\Manipulation.csproj", "{CB0EB1F1-E942-4B9F-A088-65E2908777B5}"
EndProject
Project("{9A19103F-16F7-4668-BE54-9A1E7A4F7556}") = "Searching", "Strings\Searching\Searching.csproj", "{BE90FF2C-D185-4D3C-89D4-90FEFE739CB6}"
EndProject
Project("{FAE04EC0-301F-11D3-BF4B-00C04F79EFBC}") = "Challenge", "Challenge\Challenge.csproj", "{B0D2D019-876B-44D1-9642-03A91612729B}"
EndProject
Project("{2150E333-8FDC-42A3-9474-1A3956D46DE8}") = "Challenge", "Challenge", "{E5AE7B16-8F2D-4106-B22B-3EFB1529C91B}"
EndProject
Project("{FAE04EC0-301F-11D3-BF4B-00C04F79EFBC}") = "Trial", "NumbersDates\Challenge\Trial\Trial.csproj", "{25C7EB46-3B6F-4D95-96F0-EA5A20534E10}"
EndProject
Project("{2150E333-8FDC-42A3-9474-1A3956D46DE8}") = "Challenge", "Challenge", "{616FF167-1880-4013-8BA8-A3551E74742C}"
EndProject
Project("{FAE04EC0-301F-11D3-BF4B-00C04F79EFBC}") = "Challenge", "Files\Challenge\Challenge\Challenge.csproj", "{93645E9E-5759-4E67-9CBB-97F38C62EBCE}"
EndProject
Project("{2150E333-8FDC-42A3-9474-1A3956D46DE8}") = "Challenge", "Challenge", "{24B155CC-7808-4F95-A078-4E1011115DEA}"
EndProject
Project("{FAE04EC0-301F-11D3-BF4B-00C04F79EFBC}") = "Challenge", "Regex\Challenge\Challenge\Challenge.csproj", "{B7282DE0-13FF-4C30-8B0D-5DDC95B11FA9}"
EndProject
Global
	GlobalSection(SolutionConfigurationPlatforms) = preSolution
		Debug|Any CPU = Debug|Any CPU
		Release|Any CPU = Release|Any CPU
	EndGlobalSection
	GlobalSection(ProjectConfigurationPlatforms) = postSolution
		{8C7475EB-0537-4FD4-A48F-37D02088D7A6}.Debug|Any CPU.ActiveCfg = Debug|Any CPU
		{8C7475EB-0537-4FD4-A48F-37D02088D7A6}.Debug|Any CPU.Build.0 = Debug|Any CPU
		{8C7475EB-0537-4FD4-A48F-37D02088D7A6}.Release|Any CPU.ActiveCfg = Release|Any CPU
		{8C7475EB-0537-4FD4-A48F-37D02088D7A6}.Release|Any CPU.Build.0 = Release|Any CPU
		{1D9EF8D3-6FE5-40A1-87FD-4E1911C3F536}.Debug|Any CPU.ActiveCfg = Debug|Any CPU
		{1D9EF8D3-6FE5-40A1-87FD-4E1911C3F536}.Debug|Any CPU.Build.0 = Debug|Any CPU
		{1D9EF8D3-6FE5-40A1-87FD-4E1911C3F536}.Release|Any CPU.ActiveCfg = Release|Any CPU
		{1D9EF8D3-6FE5-40A1-87FD-4E1911C3F536}.Release|Any CPU.Build.0 = Release|Any CPU
		{5B021600-95A8-477A-97DC-95C169925A1E}.Debug|Any CPU.ActiveCfg = Debug|Any CPU
		{5B021600-95A8-477A-97DC-95C169925A1E}.Debug|Any CPU.Build.0 = Debug|Any CPU
		{5B021600-95A8-477A-97DC-95C169925A1E}.Release|Any CPU.ActiveCfg = Release|Any CPU
		{5B021600-95A8-477A-97DC-95C169925A1E}.Release|Any CPU.Build.0 = Release|Any CPU
		{3FD8C52E-E4A8-4684-8D8F-33450808B447}.Debug|Any CPU.ActiveCfg = Debug|Any CPU
		{3FD8C52E-E4A8-4684-8D8F-33450808B447}.Debug|Any CPU.Build.0 = Debug|Any CPU
		{3FD8C52E-E4A8-4684-8D8F-33450808B447}.Release|Any CPU.ActiveCfg = Release|Any CPU
		{3FD8C52E-E4A8-4684-8D8F-33450808B447}.Release|Any CPU.Build.0 = Release|Any CPU
		{C76B4FA3-0F78-4833-B6F6-63547617CC7B}.Debug|Any CPU.ActiveCfg = Debug|Any CPU
		{C76B4FA3-0F78-4833-B6F6-63547617CC7B}.Debug|Any CPU.Build.0 = Debug|Any CPU
		{C76B4FA3-0F78-4833-B6F6-63547617CC7B}.Release|Any CPU.ActiveCfg = Release|Any CPU
		{C76B4FA3-0F78-4833-B6F6-63547617CC7B}.Release|Any CPU.Build.0 = Release|Any CPU
		{9D3BE221-1CE5-4645-AE20-93888728CF36}.Debug|Any CPU.ActiveCfg = Debug|Any CPU
		{9D3BE221-1CE5-4645-AE20-93888728CF36}.Debug|Any CPU.Build.0 = Debug|Any CPU
		{9D3BE221-1CE5-4645-AE20-93888728CF36}.Release|Any CPU.ActiveCfg = Release|Any CPU
		{9D3BE221-1CE5-4645-AE20-93888728CF36}.Release|Any CPU.Build.0 = Release|Any CPU
		{64716B15-62CD-44C6-8792-374420C597DE}.Debug|Any CPU.ActiveCfg = Debug|Any CPU
		{64716B15-62CD-44C6-8792-374420C597DE}.Debug|Any CPU.Build.0 = Debug|Any CPU
		{64716B15-62CD-44C6-8792-374420C597DE}.Release|Any CPU.ActiveCfg = Release|Any CPU
		{64716B15-62CD-44C6-8792-374420C597DE}.Release|Any CPU.Build.0 = Release|Any CPU
		{D5E43143-6BE5-4F9C-B60B-0B2F5FD6F128}.Debug|Any CPU.ActiveCfg = Debug|Any CPU
		{D5E43143-6BE5-4F9C-B60B-0B2F5FD6F128}.Debug|Any CPU.Build.0 = Debug|Any CPU
		{D5E43143-6BE5-4F9C-B60B-0B2F5FD6F128}.Release|Any CPU.ActiveCfg = Release|Any CPU
		{D5E43143-6BE5-4F9C-B60B-0B2F5FD6F128}.Release|Any CPU.Build.0 = Release|Any CPU
		{C95B4835-E543-4E87-A347-AA0B98001306}.Debug|Any CPU.ActiveCfg = Debug|Any CPU
		{C95B4835-E543-4E87-A347-AA0B98001306}.Debug|Any CPU.Build.0 = Debug|Any CPU
		{C95B4835-E543-4E87-A347-AA0B98001306}.Release|Any CPU.ActiveCfg = Release|Any CPU
		{C95B4835-E543-4E87-A347-AA0B98001306}.Release|Any CPU.Build.0 = Release|Any CPU
		{DA746DA3-64DA-4825-BB9F-E89F29FB8882}.Debug|Any CPU.ActiveCfg = Debug|Any CPU
		{DA746DA3-64DA-4825-BB9F-E89F29FB8882}.Debug|Any CPU.Build.0 = Debug|Any CPU
		{DA746DA3-64DA-4825-BB9F-E89F29FB8882}.Release|Any CPU.ActiveCfg = Release|Any CPU
		{DA746DA3-64DA-4825-BB9F-E89F29FB8882}.Release|Any CPU.Build.0 = Release|Any CPU
		{6445C724-4644-4ED5-9CDD-5EC1081F3D2F}.Debug|Any CPU.ActiveCfg = Debug|Any CPU
		{6445C724-4644-4ED5-9CDD-5EC1081F3D2F}.Debug|Any CPU.Build.0 = Debug|Any CPU
		{6445C724-4644-4ED5-9CDD-5EC1081F3D2F}.Release|Any CPU.ActiveCfg = Release|Any CPU
		{6445C724-4644-4ED5-9CDD-5EC1081F3D2F}.Release|Any CPU.Build.0 = Release|Any CPU
		{B6FCA9FA-B22F-41AF-A92A-1135FE7DAAE8}.Debug|Any CPU.ActiveCfg = Debug|Any CPU
		{B6FCA9FA-B22F-41AF-A92A-1135FE7DAAE8}.Debug|Any CPU.Build.0 = Debug|Any CPU
		{B6FCA9FA-B22F-41AF-A92A-1135FE7DAAE8}.Release|Any CPU.ActiveCfg = Release|Any CPU
		{B6FCA9FA-B22F-41AF-A92A-1135FE7DAAE8}.Release|Any CPU.Build.0 = Release|Any CPU
		{3DF98DE9-B0A1-4E70-B835-8331836DD474}.Debug|Any CPU.ActiveCfg = Debug|Any CPU
		{3DF98DE9-B0A1-4E70-B835-8331836DD474}.Debug|Any CPU.Build.0 = Debug|Any CPU
		{3DF98DE9-B0A1-4E70-B835-8331836DD474}.Release|Any CPU.ActiveCfg = Release|Any CPU
		{3DF98DE9-B0A1-4E70-B835-8331836DD474}.Release|Any CPU.Build.0 = Release|Any CPU
		{BCFCA1A0-31DD-40BB-BC58-1472007A3630}.Debug|Any CPU.ActiveCfg = Debug|Any CPU
		{BCFCA1A0-31DD-40BB-BC58-1472007A3630}.Debug|Any CPU.Build.0 = Debug|Any CPU
		{BCFCA1A0-31DD-40BB-BC58-1472007A3630}.Release|Any CPU.ActiveCfg = Release|Any CPU
		{BCFCA1A0-31DD-40BB-BC58-1472007A3630}.Release|Any CPU.Build.0 = Release|Any CPU
		{C23673EB-4235-4428-90A2-E701AF5B3FFF}.Debug|Any CPU.ActiveCfg = Debug|Any CPU
		{C23673EB-4235-4428-90A2-E701AF5B3FFF}.Debug|Any CPU.Build.0 = Debug|Any CPU
		{C23673EB-4235-4428-90A2-E701AF5B3FFF}.Release|Any CPU.ActiveCfg = Release|Any CPU
		{C23673EB-4235-4428-90A2-E701AF5B3FFF}.Release|Any CPU.Build.0 = Release|Any CPU
		{9972F246-8690-4E4B-AD9E-D9E130EA8DD6}.Debug|Any CPU.ActiveCfg = Debug|Any CPU
		{9972F246-8690-4E4B-AD9E-D9E130EA8DD6}.Debug|Any CPU.Build.0 = Debug|Any CPU
		{9972F246-8690-4E4B-AD9E-D9E130EA8DD6}.Release|Any CPU.ActiveCfg = Release|Any CPU
		{9972F246-8690-4E4B-AD9E-D9E130EA8DD6}.Release|Any CPU.Build.0 = Release|Any CPU
		{CF92233F-5724-477C-96E8-2E30BC34FEEE}.Debug|Any CPU.ActiveCfg = Debug|Any CPU
		{CF92233F-5724-477C-96E8-2E30BC34FEEE}.Debug|Any CPU.Build.0 = Debug|Any CPU
		{CF92233F-5724-477C-96E8-2E30BC34FEEE}.Release|Any CPU.ActiveCfg = Release|Any CPU
		{CF92233F-5724-477C-96E8-2E30BC34FEEE}.Release|Any CPU.Build.0 = Release|Any CPU
		{CB0EB1F1-E942-4B9F-A088-65E2908777B5}.Debug|Any CPU.ActiveCfg = Debug|Any CPU
		{CB0EB1F1-E942-4B9F-A088-65E2908777B5}.Debug|Any CPU.Build.0 = Debug|Any CPU
		{CB0EB1F1-E942-4B9F-A088-65E2908777B5}.Release|Any CPU.ActiveCfg = Release|Any CPU
		{CB0EB1F1-E942-4B9F-A088-65E2908777B5}.Release|Any CPU.Build.0 = Release|Any CPU
		{BE90FF2C-D185-4D3C-89D4-90FEFE739CB6}.Debug|Any CPU.ActiveCfg = Debug|Any CPU
		{BE90FF2C-D185-4D3C-89D4-90FEFE739CB6}.Debug|Any CPU.Build.0 = Debug|Any CPU
		{BE90FF2C-D185-4D3C-89D4-90FEFE739CB6}.Release|Any CPU.ActiveCfg = Release|Any CPU
		{BE90FF2C-D185-4D3C-89D4-90FEFE739CB6}.Release|Any CPU.Build.0 = Release|Any CPU
		{B0D2D019-876B-44D1-9642-03A91612729B}.Debug|Any CPU.ActiveCfg = Debug|Any CPU
		{B0D2D019-876B-44D1-9642-03A91612729B}.Debug|Any CPU.Build.0 = Debug|Any CPU
		{B0D2D019-876B-44D1-9642-03A91612729B}.Release|Any CPU.ActiveCfg = Release|Any CPU
		{B0D2D019-876B-44D1-9642-03A91612729B}.Release|Any CPU.Build.0 = Release|Any CPU
		{25C7EB46-3B6F-4D95-96F0-EA5A20534E10}.Debug|Any CPU.ActiveCfg = Debug|Any CPU
		{25C7EB46-3B6F-4D95-96F0-EA5A20534E10}.Debug|Any CPU.Build.0 = Debug|Any CPU
		{25C7EB46-3B6F-4D95-96F0-EA5A20534E10}.Release|Any CPU.ActiveCfg = Release|Any CPU
		{25C7EB46-3B6F-4D95-96F0-EA5A20534E10}.Release|Any CPU.Build.0 = Release|Any CPU
		{93645E9E-5759-4E67-9CBB-97F38C62EBCE}.Debug|Any CPU.ActiveCfg = Debug|Any CPU
		{93645E9E-5759-4E67-9CBB-97F38C62EBCE}.Debug|Any CPU.Build.0 = Debug|Any CPU
		{93645E9E-5759-4E67-9CBB-97F38C62EBCE}.Release|Any CPU.ActiveCfg = Release|Any CPU
		{93645E9E-5759-4E67-9CBB-97F38C62EBCE}.Release|Any CPU.Build.0 = Release|Any CPU
		{B7282DE0-13FF-4C30-8B0D-5DDC95B11FA9}.Debug|Any CPU.ActiveCfg = Debug|Any CPU
		{B7282DE0-13FF-4C30-8B0D-5DDC95B11FA9}.Debug|Any CPU.Build.0 = Debug|Any CPU
		{B7282DE0-13FF-4C30-8B0D-5DDC95B11FA9}.Release|Any CPU.ActiveCfg = Release|Any CPU
		{B7282DE0-13FF-4C30-8B0D-5DDC95B11FA9}.Release|Any CPU.Build.0 = Release|Any CPU
	EndGlobalSection
	GlobalSection(SolutionProperties) = preSolution
		HideSolutionNode = FALSE
	EndGlobalSection
	GlobalSection(NestedProjects) = preSolution
		{8C7475EB-0537-4FD4-A48F-37D02088D7A6} = {179673D7-B974-46E8-8E59-5E53F1FF47EA}
		{1D9EF8D3-6FE5-40A1-87FD-4E1911C3F536} = {179673D7-B974-46E8-8E59-5E53F1FF47EA}
		{5B021600-95A8-477A-97DC-95C169925A1E} = {179673D7-B974-46E8-8E59-5E53F1FF47EA}
		{3FD8C52E-E4A8-4684-8D8F-33450808B447} = {179673D7-B974-46E8-8E59-5E53F1FF47EA}
		{C76B4FA3-0F78-4833-B6F6-63547617CC7B} = {3E2972B6-F11D-4A62-81F8-E5902FB6CB2D}
		{9D3BE221-1CE5-4645-AE20-93888728CF36} = {3E2972B6-F11D-4A62-81F8-E5902FB6CB2D}
		{64716B15-62CD-44C6-8792-374420C597DE} = {3E2972B6-F11D-4A62-81F8-E5902FB6CB2D}
		{D5E43143-6BE5-4F9C-B60B-0B2F5FD6F128} = {3E2972B6-F11D-4A62-81F8-E5902FB6CB2D}
		{C95B4835-E543-4E87-A347-AA0B98001306} = {3E2972B6-F11D-4A62-81F8-E5902FB6CB2D}
		{DA746DA3-64DA-4825-BB9F-E89F29FB8882} = {7B4E41A0-3DD1-43EE-AE29-8700DA32FC41}
		{6445C724-4644-4ED5-9CDD-5EC1081F3D2F} = {7B4E41A0-3DD1-43EE-AE29-8700DA32FC41}
		{B6FCA9FA-B22F-41AF-A92A-1135FE7DAAE8} = {7B4E41A0-3DD1-43EE-AE29-8700DA32FC41}
		{3DF98DE9-B0A1-4E70-B835-8331836DD474} = {ED3FEC8C-1CA5-4D57-8A2D-584B98DD90FC}
		{BCFCA1A0-31DD-40BB-BC58-1472007A3630} = {ED3FEC8C-1CA5-4D57-8A2D-584B98DD90FC}
		{C23673EB-4235-4428-90A2-E701AF5B3FFF} = {ED3FEC8C-1CA5-4D57-8A2D-584B98DD90FC}
		{9972F246-8690-4E4B-AD9E-D9E130EA8DD6} = {D6C9E74D-F527-45E1-BB28-0D9DA34A4043}
		{CF92233F-5724-477C-96E8-2E30BC34FEEE} = {D6C9E74D-F527-45E1-BB28-0D9DA34A4043}
		{CB0EB1F1-E942-4B9F-A088-65E2908777B5} = {D6C9E74D-F527-45E1-BB28-0D9DA34A4043}
		{BE90FF2C-D185-4D3C-89D4-90FEFE739CB6} = {D6C9E74D-F527-45E1-BB28-0D9DA34A4043}
		{E5AE7B16-8F2D-4106-B22B-3EFB1529C91B} = {3E2972B6-F11D-4A62-81F8-E5902FB6CB2D}
		{25C7EB46-3B6F-4D95-96F0-EA5A20534E10} = {E5AE7B16-8F2D-4106-B22B-3EFB1529C91B}
		{616FF167-1880-4013-8BA8-A3551E74742C} = {179673D7-B974-46E8-8E59-5E53F1FF47EA}
		{93645E9E-5759-4E67-9CBB-97F38C62EBCE} = {616FF167-1880-4013-8BA8-A3551E74742C}
		{24B155CC-7808-4F95-A078-4E1011115DEA} = {ED3FEC8C-1CA5-4D57-8A2D-584B98DD90FC}
		{B7282DE0-13FF-4C30-8B0D-5DDC95B11FA9} = {24B155CC-7808-4F95-A078-4E1011115DEA}
	EndGlobalSection
	GlobalSection(ExtensibilityGlobals) = postSolution
		SolutionGuid = {D9F01647-5324-4EA9-B7B2-B743DAFB147A}
	EndGlobalSection
EndGlobal
